
Microsoft Visual Studio Solution File, Format Version 12.00
# Visual Studio Version 17
VisualStudioVersion = 17.5.33424.131
MinimumVisualStudioVersion = 10.0.40219.1
Project("{FAE04EC0-301F-11D3-BF4B-00C04F79EFBC}") = "project_QuanLyQuanNet", "project_QuanLyQuanNet\project_QuanLyQuanNet.csproj", "{F9292619-A2E9-4978-A933-DA221FC61B5C}"
EndProject
Global
	GlobalSection(SolutionConfigurationPlatforms) = preSolution
		Debug|Any CPU = Debug|Any CPU
		Release|Any CPU = Release|Any CPU
	EndGlobalSection
	GlobalSection(ProjectConfigurationPlatforms) = postSolution
		{F9292619-A2E9-4978-A933-DA221FC61B5C}.Debug|Any CPU.ActiveCfg = Debug|Any CPU
		{F9292619-A2E9-4978-A933-DA221FC61B5C}.Debug|Any CPU.Build.0 = Debug|Any CPU
		{F9292619-A2E9-4978-A933-DA221FC61B5C}.Release|Any CPU.ActiveCfg = Release|Any CPU
		{F9292619-A2E9-4978-A933-DA221FC61B5C}.Release|Any CPU.Build.0 = Release|Any CPU
	EndGlobalSection
	GlobalSection(SolutionProperties) = preSolution
		HideSolutionNode = FALSE
	EndGlobalSection
	GlobalSection(ExtensibilityGlobals) = postSolution
		SolutionGuid = {082FE4CB-2814-468E-B3BC-D87B55341FB9}
	EndGlobalSection
EndGlobal
